
Microsoft Visual Studio Solution File, Format Version 12.00
# Visual Studio 2012
Project("{FAE04EC0-301F-11D3-BF4B-00C04F79EFBC}") = "ADVENTURE", "ADVENTURE.csproj", "{83DC3101-A100-4454-8767-765B82AC7378}"
EndProject
Global
	GlobalSection(SolutionConfigurationPlatforms) = preSolution
		Debug|x86 = Debug|x86
		Release|x86 = Release|x86
	EndGlobalSection
	GlobalSection(ProjectConfigurationPlatforms) = postSolution
		{83DC3101-A100-4454-8767-765B82AC7378}.Debug|x86.ActiveCfg = Debug|x86
		{83DC3101-A100-4454-8767-765B82AC7378}.Debug|x86.Build.0 = Debug|x86
		{83DC3101-A100-4454-8767-765B82AC7378}.Release|x86.ActiveCfg = Release|x86
		{83DC3101-A100-4454-8767-765B82AC7378}.Release|x86.Build.0 = Release|x86
	EndGlobalSection
	GlobalSection(SolutionProperties) = preSolution
		HideSolutionNode = FALSE
	EndGlobalSection
EndGlobal
